
Microsoft Visual Studio Solution File, Format Version 12.00
# Visual Studio Version 17
VisualStudioVersion = 17.10.35013.160
MinimumVisualStudioVersion = 10.0.40219.1
Project("{2150E333-8FDC-42A3-9474-1A3956D46DE8}") = "src", "src", "{C63DCD12-B28E-4645-B24B-A728A44246F8}"
EndProject
Project("{2150E333-8FDC-42A3-9474-1A3956D46DE8}") = "Api", "Api", "{A38CBA48-AB11-47BC-BFF0-FB3741971EA3}"
EndProject
Project("{2150E333-8FDC-42A3-9474-1A3956D46DE8}") = "Clients", "Clients", "{A4BA403F-67C3-4C18-BF9D-72DA3CE2E899}"
EndProject
Project("{2150E333-8FDC-42A3-9474-1A3956D46DE8}") = "Common", "Common", "{3EBEC21C-47D8-4429-A262-D18177BBD1C1}"
EndProject
Project("{2150E333-8FDC-42A3-9474-1A3956D46DE8}") = "Projections", "Projections", "{3AA3A765-5399-4784-AFDC-6B91DCCE1052}"
EndProject
Project("{2150E333-8FDC-42A3-9474-1A3956D46DE8}") = "Core", "Core", "{DF0F35AE-5CCC-4B8F-B5FE-96FEF1BC0B2E}"
EndProject
Project("{2150E333-8FDC-42A3-9474-1A3956D46DE8}") = "Infrastructure", "Infrastructure", "{2F2A464E-4150-4EF5-82C0-39B053A01F9B}"
EndProject
Project("{2150E333-8FDC-42A3-9474-1A3956D46DE8}") = "WebApi", "WebApi", "{618D46DC-4E39-4D93-893A-135B8987B0A9}"
EndProject
Project("{2150E333-8FDC-42A3-9474-1A3956D46DE8}") = "BlazorWeb", "BlazorWeb", "{2DF420B5-9934-4648-9969-64251E6772EC}"
EndProject
Project("{9A19103F-16F7-4668-BE54-9A1E7A4F7556}") = "BuyosferSozluk.Common", "src\Common\BuyosferSozluk.Common\BuyosferSozluk.Common.csproj", "{31955EB9-0515-4691-B2F5-03BE99851AC5}"
EndProject
Project("{9A19103F-16F7-4668-BE54-9A1E7A4F7556}") = "BuyosferSozluk.Api.Domain", "src\Api\Core\BuyosferSozluk.Api.Domain\BuyosferSozluk.Api.Domain.csproj", "{6E437536-E0AE-451A-8F4C-E3AFFC49F106}"
EndProject
Project("{9A19103F-16F7-4668-BE54-9A1E7A4F7556}") = "BuyosferSozluk.Api.Application", "src\Api\Core\Buyosfer.Api.Application\BuyosferSozluk.Api.Application.csproj", "{EE4DE5A0-A371-4C7B-8ACD-82A29E101D6E}"
EndProject
Project("{9A19103F-16F7-4668-BE54-9A1E7A4F7556}") = "BuyosferSozluk.Api.Infrastructure.Persistence", "src\Api\Core\BlazorSozluk.Infrastructure.Persistence\BuyosferSozluk.Api.Infrastructure.Persistence.csproj", "{E08BEA4A-BCC8-4F8D-A0CD-439BF655AF33}"
EndProject
Project("{9A19103F-16F7-4668-BE54-9A1E7A4F7556}") = "BuyosferSozluk.Api.WebApi", "src\Api\WebApi\BuyosferSozluk.Api.WebApi\BuyosferSozluk.Api.WebApi.csproj", "{2DDB1928-57CA-452B-847C-4D8CD0D616E6}"
EndProject
Project("{9A19103F-16F7-4668-BE54-9A1E7A4F7556}") = "BuyosferSozluk.Projections.FavoriteService", "src\Projections\BuyosferSozluk.Projections.FavoriteService\BuyosferSozluk.Projections.FavoriteService.csproj", "{2CD51ADE-1E00-4258-82D9-169FD5A1A4E9}"
EndProject
Project("{9A19103F-16F7-4668-BE54-9A1E7A4F7556}") = "BuyosferSozluk.Projections.UserService", "src\Projections\BuyosferSozluk.Projections.User\BuyosferSozluk.Projections.UserService.csproj", "{24412DDE-849A-48E1-A0C1-2B55D3D4899B}"
EndProject
Project("{9A19103F-16F7-4668-BE54-9A1E7A4F7556}") = "BuyosferSozluk.Projections.VoteService", "BuyosferSozluk.Projections.VoteService\BuyosferSozluk.Projections.VoteService.csproj", "{D484F9F7-4C4A-4142-B1F2-64209041C29A}"
EndProject
Project("{9A19103F-16F7-4668-BE54-9A1E7A4F7556}") = "BuyosferSozluk.WebApp", "src\Clients\BlazorWeb\BuyosferSozluk.WebApp\BuyosferSozluk.WebApp.csproj", "{51F25D20-CC8F-4C71-BC23-A1C378E67D51}"
EndProject
Global
	GlobalSection(SolutionConfigurationPlatforms) = preSolution
		Debug|Any CPU = Debug|Any CPU
		Release|Any CPU = Release|Any CPU
	EndGlobalSection
	GlobalSection(ProjectConfigurationPlatforms) = postSolution
		{31955EB9-0515-4691-B2F5-03BE99851AC5}.Debug|Any CPU.ActiveCfg = Debug|Any CPU
		{31955EB9-0515-4691-B2F5-03BE99851AC5}.Debug|Any CPU.Build.0 = Debug|Any CPU
		{31955EB9-0515-4691-B2F5-03BE99851AC5}.Release|Any CPU.ActiveCfg = Release|Any CPU
		{31955EB9-0515-4691-B2F5-03BE99851AC5}.Release|Any CPU.Build.0 = Release|Any CPU
		{6E437536-E0AE-451A-8F4C-E3AFFC49F106}.Debug|Any CPU.ActiveCfg = Debug|Any CPU
		{6E437536-E0AE-451A-8F4C-E3AFFC49F106}.Debug|Any CPU.Build.0 = Debug|Any CPU
		{6E437536-E0AE-451A-8F4C-E3AFFC49F106}.Release|Any CPU.ActiveCfg = Release|Any CPU
		{6E437536-E0AE-451A-8F4C-E3AFFC49F106}.Release|Any CPU.Build.0 = Release|Any CPU
		{EE4DE5A0-A371-4C7B-8ACD-82A29E101D6E}.Debug|Any CPU.ActiveCfg = Debug|Any CPU
		{EE4DE5A0-A371-4C7B-8ACD-82A29E101D6E}.Debug|Any CPU.Build.0 = Debug|Any CPU
		{EE4DE5A0-A371-4C7B-8ACD-82A29E101D6E}.Release|Any CPU.ActiveCfg = Release|Any CPU
		{EE4DE5A0-A371-4C7B-8ACD-82A29E101D6E}.Release|Any CPU.Build.0 = Release|Any CPU
		{E08BEA4A-BCC8-4F8D-A0CD-439BF655AF33}.Debug|Any CPU.ActiveCfg = Debug|Any CPU
		{E08BEA4A-BCC8-4F8D-A0CD-439BF655AF33}.Debug|Any CPU.Build.0 = Debug|Any CPU
		{E08BEA4A-BCC8-4F8D-A0CD-439BF655AF33}.Release|Any CPU.ActiveCfg = Release|Any CPU
		{E08BEA4A-BCC8-4F8D-A0CD-439BF655AF33}.Release|Any CPU.Build.0 = Release|Any CPU
		{2DDB1928-57CA-452B-847C-4D8CD0D616E6}.Debug|Any CPU.ActiveCfg = Debug|Any CPU
		{2DDB1928-57CA-452B-847C-4D8CD0D616E6}.Debug|Any CPU.Build.0 = Debug|Any CPU
		{2DDB1928-57CA-452B-847C-4D8CD0D616E6}.Release|Any CPU.ActiveCfg = Release|Any CPU
		{2DDB1928-57CA-452B-847C-4D8CD0D616E6}.Release|Any CPU.Build.0 = Release|Any CPU
		{2CD51ADE-1E00-4258-82D9-169FD5A1A4E9}.Debug|Any CPU.ActiveCfg = Debug|Any CPU
		{2CD51ADE-1E00-4258-82D9-169FD5A1A4E9}.Debug|Any CPU.Build.0 = Debug|Any CPU
		{2CD51ADE-1E00-4258-82D9-169FD5A1A4E9}.Release|Any CPU.ActiveCfg = Release|Any CPU
		{2CD51ADE-1E00-4258-82D9-169FD5A1A4E9}.Release|Any CPU.Build.0 = Release|Any CPU
		{24412DDE-849A-48E1-A0C1-2B55D3D4899B}.Debug|Any CPU.ActiveCfg = Debug|Any CPU
		{24412DDE-849A-48E1-A0C1-2B55D3D4899B}.Debug|Any CPU.Build.0 = Debug|Any CPU
		{24412DDE-849A-48E1-A0C1-2B55D3D4899B}.Release|Any CPU.ActiveCfg = Release|Any CPU
		{24412DDE-849A-48E1-A0C1-2B55D3D4899B}.Release|Any CPU.Build.0 = Release|Any CPU
		{D484F9F7-4C4A-4142-B1F2-64209041C29A}.Debug|Any CPU.ActiveCfg = Debug|Any CPU
		{D484F9F7-4C4A-4142-B1F2-64209041C29A}.Debug|Any CPU.Build.0 = Debug|Any CPU
		{D484F9F7-4C4A-4142-B1F2-64209041C29A}.Release|Any CPU.ActiveCfg = Release|Any CPU
		{D484F9F7-4C4A-4142-B1F2-64209041C29A}.Release|Any CPU.Build.0 = Release|Any CPU
		{51F25D20-CC8F-4C71-BC23-A1C378E67D51}.Debug|Any CPU.ActiveCfg = Debug|Any CPU
		{51F25D20-CC8F-4C71-BC23-A1C378E67D51}.Debug|Any CPU.Build.0 = Debug|Any CPU
		{51F25D20-CC8F-4C71-BC23-A1C378E67D51}.Release|Any CPU.ActiveCfg = Release|Any CPU
		{51F25D20-CC8F-4C71-BC23-A1C378E67D51}.Release|Any CPU.Build.0 = Release|Any CPU
	EndGlobalSection
	GlobalSection(SolutionProperties) = preSolution
		HideSolutionNode = FALSE
	EndGlobalSection
	GlobalSection(NestedProjects) = preSolution
		{A38CBA48-AB11-47BC-BFF0-FB3741971EA3} = {C63DCD12-B28E-4645-B24B-A728A44246F8}
		{A4BA403F-67C3-4C18-BF9D-72DA3CE2E899} = {C63DCD12-B28E-4645-B24B-A728A44246F8}
		{3EBEC21C-47D8-4429-A262-D18177BBD1C1} = {C63DCD12-B28E-4645-B24B-A728A44246F8}
		{3AA3A765-5399-4784-AFDC-6B91DCCE1052} = {C63DCD12-B28E-4645-B24B-A728A44246F8}
		{DF0F35AE-5CCC-4B8F-B5FE-96FEF1BC0B2E} = {A38CBA48-AB11-47BC-BFF0-FB3741971EA3}
		{2F2A464E-4150-4EF5-82C0-39B053A01F9B} = {A38CBA48-AB11-47BC-BFF0-FB3741971EA3}
		{618D46DC-4E39-4D93-893A-135B8987B0A9} = {A38CBA48-AB11-47BC-BFF0-FB3741971EA3}
		{2DF420B5-9934-4648-9969-64251E6772EC} = {A4BA403F-67C3-4C18-BF9D-72DA3CE2E899}
		{31955EB9-0515-4691-B2F5-03BE99851AC5} = {3EBEC21C-47D8-4429-A262-D18177BBD1C1}
		{6E437536-E0AE-451A-8F4C-E3AFFC49F106} = {DF0F35AE-5CCC-4B8F-B5FE-96FEF1BC0B2E}
		{EE4DE5A0-A371-4C7B-8ACD-82A29E101D6E} = {DF0F35AE-5CCC-4B8F-B5FE-96FEF1BC0B2E}
		{E08BEA4A-BCC8-4F8D-A0CD-439BF655AF33} = {2F2A464E-4150-4EF5-82C0-39B053A01F9B}
		{2DDB1928-57CA-452B-847C-4D8CD0D616E6} = {618D46DC-4E39-4D93-893A-135B8987B0A9}
		{2CD51ADE-1E00-4258-82D9-169FD5A1A4E9} = {3AA3A765-5399-4784-AFDC-6B91DCCE1052}
		{24412DDE-849A-48E1-A0C1-2B55D3D4899B} = {3AA3A765-5399-4784-AFDC-6B91DCCE1052}
		{D484F9F7-4C4A-4142-B1F2-64209041C29A} = {3AA3A765-5399-4784-AFDC-6B91DCCE1052}
		{51F25D20-CC8F-4C71-BC23-A1C378E67D51} = {2DF420B5-9934-4648-9969-64251E6772EC}
	EndGlobalSection
	GlobalSection(ExtensibilityGlobals) = postSolution
		SolutionGuid = {FE248DBC-8F01-4431-A0B8-6D5542FF149A}
	EndGlobalSection
EndGlobal
